
Microsoft Visual Studio Solution File, Format Version 12.00
# Visual Studio Version 17
VisualStudioVersion = 17.0.31903.59
MinimumVisualStudioVersion = 10.0.40219.1
Project("{2150E333-8FDC-42A3-9474-1A3956D46DE8}") = "src", "src", "{827E0CD3-B72D-47B6-A68D-7590B98EB39B}"
EndProject
Project("{FAE04EC0-301F-11D3-BF4B-00C04F79EFBC}") = "MapInsights.Api", "src\MapInsights.Api\MapInsights.Api.csproj", "{D3E88B75-B9C2-42B5-BB48-EF4C955650D7}"
EndProject
Project("{FAE04EC0-301F-11D3-BF4B-00C04F79EFBC}") = "MapInsights.Core", "src\MapInsights.Core\MapInsights.Core.csproj", "{B7376BB0-D240-4D3B-A146-D33857DA5541}"
EndProject
Project("{FAE04EC0-301F-11D3-BF4B-00C04F79EFBC}") = "MapInsights.Infrastructure", "src\MapInsights.Infrastructure\MapInsights.Infrastructure.csproj", "{A6E2B90A-BB70-4637-B086-7EC0C08E7129}"
EndProject
Project("{2150E333-8FDC-42A3-9474-1A3956D46DE8}") = "tests", "tests", "{0AB3BF05-4346-4AA6-1389-037BE0695223}"
EndProject
Project("{FAE04EC0-301F-11D3-BF4B-00C04F79EFBC}") = "MapInsights.Api.Tests.Unit", "tests\MapInsights.Api.Tests.Unit\MapInsights.Api.Tests.Unit.csproj", "{E5458014-1EF9-4087-983F-6D4AF8B06065}"
EndProject
Project("{FAE04EC0-301F-11D3-BF4B-00C04F79EFBC}") = "MapInsights.Core.Tests.Unit", "tests\MapInsights.Core.Tests.Unit\MapInsights.Core.Tests.Unit.csproj", "{6A376C7A-B746-49BF-A310-B646CA625A1D}"
EndProject
Project("{FAE04EC0-301F-11D3-BF4B-00C04F79EFBC}") = "MapInsights.Api.Tests.Integration", "tests\MapInsights.Api.Tests.Integration\MapInsights.Api.Tests.Integration.csproj", "{FFB09059-7FFE-4600-9A0A-505761AC0AEF}"
EndProject
Project("{FAE04EC0-301F-11D3-BF4B-00C04F79EFBC}") = "MapInsights.Infrastructure.Tests.Unit", "tests\MapInsights.Infrastructure.Tests.Unit\MapInsights.Infrastructure.Tests.Unit.csproj", "{77178DE9-2DE5-44C5-B365-4D6B5596C55D}"
EndProject
Global
	GlobalSection(SolutionConfigurationPlatforms) = preSolution
		Debug|Any CPU = Debug|Any CPU
		Debug|x64 = Debug|x64
		Debug|x86 = Debug|x86
		Release|Any CPU = Release|Any CPU
		Release|x64 = Release|x64
		Release|x86 = Release|x86
	EndGlobalSection
	GlobalSection(ProjectConfigurationPlatforms) = postSolution
		{D3E88B75-B9C2-42B5-BB48-EF4C955650D7}.Debug|Any CPU.ActiveCfg = Debug|Any CPU
		{D3E88B75-B9C2-42B5-BB48-EF4C955650D7}.Debug|Any CPU.Build.0 = Debug|Any CPU
		{D3E88B75-B9C2-42B5-BB48-EF4C955650D7}.Debug|x64.ActiveCfg = Debug|Any CPU
		{D3E88B75-B9C2-42B5-BB48-EF4C955650D7}.Debug|x64.Build.0 = Debug|Any CPU
		{D3E88B75-B9C2-42B5-BB48-EF4C955650D7}.Debug|x86.ActiveCfg = Debug|Any CPU
		{D3E88B75-B9C2-42B5-BB48-EF4C955650D7}.Debug|x86.Build.0 = Debug|Any CPU
		{D3E88B75-B9C2-42B5-BB48-EF4C955650D7}.Release|Any CPU.ActiveCfg = Release|Any CPU
		{D3E88B75-B9C2-42B5-BB48-EF4C955650D7}.Release|Any CPU.Build.0 = Release|Any CPU
		{D3E88B75-B9C2-42B5-BB48-EF4C955650D7}.Release|x64.ActiveCfg = Release|Any CPU
		{D3E88B75-B9C2-42B5-BB48-EF4C955650D7}.Release|x64.Build.0 = Release|Any CPU
		{D3E88B75-B9C2-42B5-BB48-EF4C955650D7}.Release|x86.ActiveCfg = Release|Any CPU
		{D3E88B75-B9C2-42B5-BB48-EF4C955650D7}.Release|x86.Build.0 = Release|Any CPU
		{B7376BB0-D240-4D3B-A146-D33857DA5541}.Debug|Any CPU.ActiveCfg = Debug|Any CPU
		{B7376BB0-D240-4D3B-A146-D33857DA5541}.Debug|Any CPU.Build.0 = Debug|Any CPU
		{B7376BB0-D240-4D3B-A146-D33857DA5541}.Debug|x64.ActiveCfg = Debug|Any CPU
		{B7376BB0-D240-4D3B-A146-D33857DA5541}.Debug|x64.Build.0 = Debug|Any CPU
		{B7376BB0-D240-4D3B-A146-D33857DA5541}.Debug|x86.ActiveCfg = Debug|Any CPU
		{B7376BB0-D240-4D3B-A146-D33857DA5541}.Debug|x86.Build.0 = Debug|Any CPU
		{B7376BB0-D240-4D3B-A146-D33857DA5541}.Release|Any CPU.ActiveCfg = Release|Any CPU
		{B7376BB0-D240-4D3B-A146-D33857DA5541}.Release|Any CPU.Build.0 = Release|Any CPU
		{B7376BB0-D240-4D3B-A146-D33857DA5541}.Release|x64.ActiveCfg = Release|Any CPU
		{B7376BB0-D240-4D3B-A146-D33857DA5541}.Release|x64.Build.0 = Release|Any CPU
		{B7376BB0-D240-4D3B-A146-D33857DA5541}.Release|x86.ActiveCfg = Release|Any CPU
		{B7376BB0-D240-4D3B-A146-D33857DA5541}.Release|x86.Build.0 = Release|Any CPU
		{A6E2B90A-BB70-4637-B086-7EC0C08E7129}.Debug|Any CPU.ActiveCfg = Debug|Any CPU
		{A6E2B90A-BB70-4637-B086-7EC0C08E7129}.Debug|Any CPU.Build.0 = Debug|Any CPU
		{A6E2B90A-BB70-4637-B086-7EC0C08E7129}.Debug|x64.ActiveCfg = Debug|Any CPU
		{A6E2B90A-BB70-4637-B086-7EC0C08E7129}.Debug|x64.Build.0 = Debug|Any CPU
		{A6E2B90A-BB70-4637-B086-7EC0C08E7129}.Debug|x86.ActiveCfg = Debug|Any CPU
		{A6E2B90A-BB70-4637-B086-7EC0C08E7129}.Debug|x86.Build.0 = Debug|Any CPU
		{A6E2B90A-BB70-4637-B086-7EC0C08E7129}.Release|Any CPU.ActiveCfg = Release|Any CPU
		{A6E2B90A-BB70-4637-B086-7EC0C08E7129}.Release|Any CPU.Build.0 = Release|Any CPU
		{A6E2B90A-BB70-4637-B086-7EC0C08E7129}.Release|x64.ActiveCfg = Release|Any CPU
		{A6E2B90A-BB70-4637-B086-7EC0C08E7129}.Release|x64.Build.0 = Release|Any CPU
		{A6E2B90A-BB70-4637-B086-7EC0C08E7129}.Release|x86.ActiveCfg = Release|Any CPU
		{A6E2B90A-BB70-4637-B086-7EC0C08E7129}.Release|x86.Build.0 = Release|Any CPU
		{E5458014-1EF9-4087-983F-6D4AF8B06065}.Debug|Any CPU.ActiveCfg = Debug|Any CPU
		{E5458014-1EF9-4087-983F-6D4AF8B06065}.Debug|Any CPU.Build.0 = Debug|Any CPU
		{E5458014-1EF9-4087-983F-6D4AF8B06065}.Debug|x64.ActiveCfg = Debug|Any CPU
		{E5458014-1EF9-4087-983F-6D4AF8B06065}.Debug|x64.Build.0 = Debug|Any CPU
		{E5458014-1EF9-4087-983F-6D4AF8B06065}.Debug|x86.ActiveCfg = Debug|Any CPU
		{E5458014-1EF9-4087-983F-6D4AF8B06065}.Debug|x86.Build.0 = Debug|Any CPU
		{E5458014-1EF9-4087-983F-6D4AF8B06065}.Release|Any CPU.ActiveCfg = Release|Any CPU
		{E5458014-1EF9-4087-983F-6D4AF8B06065}.Release|Any CPU.Build.0 = Release|Any CPU
		{E5458014-1EF9-4087-983F-6D4AF8B06065}.Release|x64.ActiveCfg = Release|Any CPU
		{E5458014-1EF9-4087-983F-6D4AF8B06065}.Release|x64.Build.0 = Release|Any CPU
		{E5458014-1EF9-4087-983F-6D4AF8B06065}.Release|x86.ActiveCfg = Release|Any CPU
		{E5458014-1EF9-4087-983F-6D4AF8B06065}.Release|x86.Build.0 = Release|Any CPU
		{6A376C7A-B746-49BF-A310-B646CA625A1D}.Debug|Any CPU.ActiveCfg = Debug|Any CPU
		{6A376C7A-B746-49BF-A310-B646CA625A1D}.Debug|Any CPU.Build.0 = Debug|Any CPU
		{6A376C7A-B746-49BF-A310-B646CA625A1D}.Debug|x64.ActiveCfg = Debug|Any CPU
		{6A376C7A-B746-49BF-A310-B646CA625A1D}.Debug|x64.Build.0 = Debug|Any CPU
		{6A376C7A-B746-49BF-A310-B646CA625A1D}.Debug|x86.ActiveCfg = Debug|Any CPU
		{6A376C7A-B746-49BF-A310-B646CA625A1D}.Debug|x86.Build.0 = Debug|Any CPU
		{6A376C7A-B746-49BF-A310-B646CA625A1D}.Release|Any CPU.ActiveCfg = Release|Any CPU
		{6A376C7A-B746-49BF-A310-B646CA625A1D}.Release|Any CPU.Build.0 = Release|Any CPU
		{6A376C7A-B746-49BF-A310-B646CA625A1D}.Release|x64.ActiveCfg = Release|Any CPU
		{6A376C7A-B746-49BF-A310-B646CA625A1D}.Release|x64.Build.0 = Release|Any CPU
		{6A376C7A-B746-49BF-A310-B646CA625A1D}.Release|x86.ActiveCfg = Release|Any CPU
		{6A376C7A-B746-49BF-A310-B646CA625A1D}.Release|x86.Build.0 = Release|Any CPU
		{FFB09059-7FFE-4600-9A0A-505761AC0AEF}.Debug|Any CPU.ActiveCfg = Debug|Any CPU
		{FFB09059-7FFE-4600-9A0A-505761AC0AEF}.Debug|Any CPU.Build.0 = Debug|Any CPU
		{FFB09059-7FFE-4600-9A0A-505761AC0AEF}.Debug|x64.ActiveCfg = Debug|Any CPU
		{FFB09059-7FFE-4600-9A0A-505761AC0AEF}.Debug|x64.Build.0 = Debug|Any CPU
		{FFB09059-7FFE-4600-9A0A-505761AC0AEF}.Debug|x86.ActiveCfg = Debug|Any CPU
		{FFB09059-7FFE-4600-9A0A-505761AC0AEF}.Debug|x86.Build.0 = Debug|Any CPU
		{FFB09059-7FFE-4600-9A0A-505761AC0AEF}.Release|Any CPU.ActiveCfg = Release|Any CPU
		{FFB09059-7FFE-4600-9A0A-505761AC0AEF}.Release|Any CPU.Build.0 = Release|Any CPU
		{FFB09059-7FFE-4600-9A0A-505761AC0AEF}.Release|x64.ActiveCfg = Release|Any CPU
		{FFB09059-7FFE-4600-9A0A-505761AC0AEF}.Release|x64.Build.0 = Release|Any CPU
		{FFB09059-7FFE-4600-9A0A-505761AC0AEF}.Release|x86.ActiveCfg = Release|Any CPU
		{FFB09059-7FFE-4600-9A0A-505761AC0AEF}.Release|x86.Build.0 = Release|Any CPU
		{77178DE9-2DE5-44C5-B365-4D6B5596C55D}.Debug|Any CPU.ActiveCfg = Debug|Any CPU
		{77178DE9-2DE5-44C5-B365-4D6B5596C55D}.Debug|Any CPU.Build.0 = Debug|Any CPU
		{77178DE9-2DE5-44C5-B365-4D6B5596C55D}.Debug|x64.ActiveCfg = Debug|Any CPU
		{77178DE9-2DE5-44C5-B365-4D6B5596C55D}.Debug|x64.Build.0 = Debug|Any CPU
		{77178DE9-2DE5-44C5-B365-4D6B5596C55D}.Debug|x86.ActiveCfg = Debug|Any CPU
		{77178DE9-2DE5-44C5-B365-4D6B5596C55D}.Debug|x86.Build.0 = Debug|Any CPU
		{77178DE9-2DE5-44C5-B365-4D6B5596C55D}.Release|Any CPU.ActiveCfg = Release|Any CPU
		{77178DE9-2DE5-44C5-B365-4D6B5596C55D}.Release|Any CPU.Build.0 = Release|Any CPU
		{77178DE9-2DE5-44C5-B365-4D6B5596C55D}.Release|x64.ActiveCfg = Release|Any CPU
		{77178DE9-2DE5-44C5-B365-4D6B5596C55D}.Release|x64.Build.0 = Release|Any CPU
		{77178DE9-2DE5-44C5-B365-4D6B5596C55D}.Release|x86.ActiveCfg = Release|Any CPU
		{77178DE9-2DE5-44C5-B365-4D6B5596C55D}.Release|x86.Build.0 = Release|Any CPU
	EndGlobalSection
	GlobalSection(SolutionProperties) = preSolution
		HideSolutionNode = FALSE
	EndGlobalSection
	GlobalSection(NestedProjects) = preSolution
		{D3E88B75-B9C2-42B5-BB48-EF4C955650D7} = {827E0CD3-B72D-47B6-A68D-7590B98EB39B}
		{B7376BB0-D240-4D3B-A146-D33857DA5541} = {827E0CD3-B72D-47B6-A68D-7590B98EB39B}
		{A6E2B90A-BB70-4637-B086-7EC0C08E7129} = {827E0CD3-B72D-47B6-A68D-7590B98EB39B}
		{E5458014-1EF9-4087-983F-6D4AF8B06065} = {0AB3BF05-4346-4AA6-1389-037BE0695223}
		{6A376C7A-B746-49BF-A310-B646CA625A1D} = {0AB3BF05-4346-4AA6-1389-037BE0695223}
		{FFB09059-7FFE-4600-9A0A-505761AC0AEF} = {0AB3BF05-4346-4AA6-1389-037BE0695223}
		{77178DE9-2DE5-44C5-B365-4D6B5596C55D} = {0AB3BF05-4346-4AA6-1389-037BE0695223}
	EndGlobalSection
EndGlobal
